<?xml version="1.0" encoding="utf-8"?>
<Project ToolsVersion="4.0" xmlns="http://schemas.microsoft.com/developer/msbuild/2003">
  <ItemGroup>
    <Filter Include="Source Files">
      <UniqueIdentifier>{4FC737F1-C7A5-4376-A066-2A32D752A2FF}</UniqueIdentifier>
      <Extensions>cpp;c;cc;cxx;c++;def;odl;idl;hpj;bat;asm;asmx</Extensions>
    </Filter>
    <Filter Include="Header Files">
      <UniqueIdentifier>{93995380-89BD-4b04-88EB-625FBE52EBFB}</UniqueIdentifier>
      <Extensions>h;hh;hpp;hxx;h++;hm;inl;inc;ipp;xsd</Extensions>
    </Filter>
    <Filter Include="Resource Files">
      <UniqueIdentifier>{67DA6AB6-F800-4c08-8B7A-83BB121AAD01}</UniqueIdentifier>
      <Extensions>rc;ico;cur;bmp;dlg;rc2;rct;bin;rgs;gif;jpg;jpeg;jpe;resx;tiff;tif;png;wav;mfcribbon-ms</Extensions>
    </Filter>
  </ItemGroup>
  <ItemGroup>
    <ClCompile Include="sf_chess.cpp">
      <Filter>Source Files</Filter>
    </ClCompile>
    <ClCompile Include="stockfish\benchmark.cpp">
      <Filter>Source Files</Filter>
    </ClCompile>
    <ClCompile Include="stockfish\bitbase.cpp">
      <Filter>Source Files</Filter>
    </ClCompile>
    <ClCompile Include="stockfish\bitboard.cpp">
      <Filter>Source Files</Filter>
    </ClCompile>
    <ClCompile Include="stockfish\endgame.cpp">
      <Filter>Source Files</Filter>
    </ClCompile>
    <ClCompile Include="stockfish\evaluate.cpp">
      <Filter>Source Files</Filter>
    </ClCompile>
    <ClCompile Include="stockfish\main.cpp">
      <Filter>Source Files</Filter>
    </ClCompile>
    <ClCompile Include="stockfish\material.cpp">
      <Filter>Source Files</Filter>
    </ClCompile>
    <ClCompile Include="stockfish\misc.cpp">
      <Filter>Source Files</Filter>
    </ClCompile>
    <ClCompile Include="stockfish\movegen.cpp">
      <Filter>Source Files</Filter>
    </ClCompile>
    <ClCompile Include="stockfish\movepick.cpp">
      <Filter>Source Files</Filter>
    </ClCompile>
    <ClCompile Include="stockfish\pawns.cpp">
      <Filter>Source Files</Filter>
    </ClCompile>
    <ClCompile Include="stockfish\position.cpp">
      <Filter>Source Files</Filter>
    </ClCompile>
    <ClCompile Include="stockfish\psqt.cpp">
      <Filter>Source Files</Filter>
    </ClCompile>
    <ClCompile Include="stockfish\search.cpp">
      <Filter>Source Files</Filter>
    </ClCompile>
    <ClCompile Include="stockfish\thread.cpp">
      <Filter>Source Files</Filter>
    </ClCompile>
    <ClCompile Include="stockfish\timeman.cpp">
      <Filter>Source Files</Filter>
    </ClCompile>
    <ClCompile Include="stockfish\tt.cpp">
      <Filter>Source Files</Filter>
    </ClCompile>
    <ClCompile Include="stockfish\tune.cpp">
      <Filter>Source Files</Filter>
    </ClCompile>
    <ClCompile Include="stockfish\uci.cpp">
      <Filter>Source Files</Filter>
    </ClCompile>
    <ClCompile Include="stockfish\ucioption.cpp">
      <Filter>Source Files</Filter>
    </ClCompile>
    <ClCompile Include="stockfish\syzygy\tbprobe.cpp">
      <Filter>Source Files</Filter>
    </ClCompile>
  </ItemGroup>
  <ItemGroup>
    <ClInclude Include="stockfish\bitboard.h">
      <Filter>Header Files</Filter>
    </ClInclude>
    <ClInclude Include="stockfish\endgame.h">
      <Filter>Header Files</Filter>
    </ClInclude>
    <ClInclude Include="stockfish\evaluate.h">
      <Filter>Header Files</Filter>
    </ClInclude>
    <ClInclude Include="stockfish\material.h">
      <Filter>Header Files</Filter>
    </ClInclude>
    <ClInclude Include="stockfish\misc.h">
      <Filter>Header Files</Filter>
    </ClInclude>
    <ClInclude Include="stockfish\movegen.h">
      <Filter>Header Files</Filter>
    </ClInclude>
    <ClInclude Include="stockfish\movepick.h">
      <Filter>Header Files</Filter>
    </ClInclude>
    <ClInclude Include="stockfish\pawns.h">
      <Filter>Header Files</Filter>
    </ClInclude>
    <ClInclude Include="stockfish\position.h">
      <Filter>Header Files</Filter>
    </ClInclude>
    <ClInclude Include="stockfish\search.h">
      <Filter>Header Files</Filter>
    </ClInclude>
    <ClInclude Include="stockfish\thread.h">
      <Filter>Header Files</Filter>
    </ClInclude>
    <ClInclude Include="stockfish\thread_win32_osx.h">
      <Filter>Header Files</Filter>
    </ClInclude>
    <ClInclude Include="stockfish\timeman.h">
      <Filter>Header Files</Filter>
    </ClInclude>
    <ClInclude Include="stockfish\tt.h">
      <Filter>Header Files</Filter>
    </ClInclude>
    <ClInclude Include="stockfish\tune.h">
      <Filter>Header Files</Filter>
    </ClInclude>
    <ClInclude Include="stockfish\types.h">
      <Filter>Header Files</Filter>
    </ClInclude>
    <ClInclude Include="stockfish\uci.h">
      <Filter>Header Files</Filter>
    </ClInclude>
    <ClInclude Include="stockfish\syzygy\tbprobe.h">
      <Filter>Header Files</Filter>
    </ClInclude>
  </ItemGroup>
</Project>